
Microsoft Visual Studio Solution File, Format Version 12.00
# Visual Studio Version 17
VisualStudioVersion = 17.10.35013.160
MinimumVisualStudioVersion = 10.0.40219.1
Project("{FAE04EC0-301F-11D3-BF4B-00C04F79EFBC}") = "MiniGameTextRPG", "MiniGameTextRPG.csproj", "{05929950-35E5-4ADE-883F-F1F3477C0750}"
EndProject
Global
	GlobalSection(SolutionConfigurationPlatforms) = preSolution
		Debug|Any CPU = Debug|Any CPU
		Release|Any CPU = Release|Any CPU
	EndGlobalSection
	GlobalSection(ProjectConfigurationPlatforms) = postSolution
		{05929950-35E5-4ADE-883F-F1F3477C0750}.Debug|Any CPU.ActiveCfg = Debug|Any CPU
		{05929950-35E5-4ADE-883F-F1F3477C0750}.Debug|Any CPU.Build.0 = Debug|Any CPU
		{05929950-35E5-4ADE-883F-F1F3477C0750}.Release|Any CPU.ActiveCfg = Release|Any CPU
		{05929950-35E5-4ADE-883F-F1F3477C0750}.Release|Any CPU.Build.0 = Release|Any CPU
	EndGlobalSection
	GlobalSection(SolutionProperties) = preSolution
		HideSolutionNode = FALSE
	EndGlobalSection
	GlobalSection(ExtensibilityGlobals) = postSolution
		SolutionGuid = {CE3E81AC-34E0-44C7-80A5-C1642ABE0985}
	EndGlobalSection
EndGlobal
